{
  "name": "testing-dependabot",
  "version": "1.0.0",
  "lockfileVersion": 3,
  "requires": true,
  "packages": {
    "": {
      "name": "testing-dependabot",
      "version": "1.0.0",
      "license": "ISC",
      "dependencies": {
        "diogo-testing-npm-provenance": "3.0.0"
      }
    },
    "node_modules/diogo-testing-npm-provenance": {
      "version": "3.0.0",
      "resolved": "https://registry.npmjs.org/diogo-testing-npm-provenance/-/diogo-testing-npm-provenance-3.0.0.tgz",
      "integrity": "sha512-rMjcKjkAL0d/z7324Blt/aG0mnLJr0mTZda1NJaLxlbMM6TcelY2Zf6t9xZuivPoQBg6vcxGLJ/gzyxyiMj81A=="
    }
  }
}
